github.com/google/uuid v1.6.0 h1:NIvaJDMOsjHA8n1jAhLSgzrAzy1Hgr+hNrb57e+94F0=
github.com/google/uuid v1.6.0/go.mod h1:TIyPZe4MgqvfeYDBFedMoGGpEw/LqOeaOT+nhxU+yHo=
github.com/lib/pq v1.10.9 h1:YXG7RB+JIjhP29X+OtkiDnYaXQwpS4JEWq7dtCCRUEw=
github.com/lib/pq v1.10.9/go.mod h1:AlVN5x4E4T544tWzH6hKfbfQvm3HdbOxrmggDNAPY9o=
github.com/ory/kratos-client-go v1.2.1 h1:Q3T/adfAfAkHFcV1LGLnwz4QkY6ghBdX9zde5T8uO/4=
github.com/ory/kratos-client-go v1.2.1/go.mod h1:WiQYlrqW4Atj6Js7oDN5ArbZxo0nTO2u/e1XaDv2yMI=
